
Microsoft Visual Studio Solution File, Format Version 12.00
# Visual Studio 14
VisualStudioVersion = 14.0.25420.1
MinimumVisualStudioVersion = 10.0.40219.1
Project("{2150E333-8FDC-42A3-9474-1A3956D46DE8}") = "src", "src", "{0324DE44-14C1-4203-A624-5BE8BD75153E}"
EndProject
Project("{2150E333-8FDC-42A3-9474-1A3956D46DE8}") = "Solution Items", "Solution Items", "{E31857E8-98F8-4579-B9C2-7C6079EF234F}"
	ProjectSection(SolutionItems) = preProject
		global.json = global.json
	EndProjectSection
EndProject
Project("{8BB2217D-0F2D-49D1-97BC-3654ED321F3B}") = "GRA.Web", "src\GRA.Web\GRA.Web.xproj", "{62E47447-A4E5-40FC-8CA7-12A0FBE46915}"
EndProject
Global
	GlobalSection(SolutionConfigurationPlatforms) = preSolution
		Debug|Any CPU = Debug|Any CPU
		Release|Any CPU = Release|Any CPU
	EndGlobalSection
	GlobalSection(ProjectConfigurationPlatforms) = postSolution
		{62E47447-A4E5-40FC-8CA7-12A0FBE46915}.Debug|Any CPU.ActiveCfg = Debug|Any CPU
		{62E47447-A4E5-40FC-8CA7-12A0FBE46915}.Debug|Any CPU.Build.0 = Debug|Any CPU
		{62E47447-A4E5-40FC-8CA7-12A0FBE46915}.Release|Any CPU.ActiveCfg = Release|Any CPU
		{62E47447-A4E5-40FC-8CA7-12A0FBE46915}.Release|Any CPU.Build.0 = Release|Any CPU
	EndGlobalSection
	GlobalSection(SolutionProperties) = preSolution
		HideSolutionNode = FALSE
	EndGlobalSection
	GlobalSection(NestedProjects) = preSolution
		{62E47447-A4E5-40FC-8CA7-12A0FBE46915} = {0324DE44-14C1-4203-A624-5BE8BD75153E}
	EndGlobalSection
EndGlobal
