
Microsoft Visual Studio Solution File, Format Version 12.00
# Visual Studio 14
VisualStudioVersion = 14.0.24720.0
MinimumVisualStudioVersion = 10.0.40219.1
Project("{FAE04EC0-301F-11D3-BF4B-00C04F79EFBC}") = "SRP", "SRP\SRP.csproj", "{E0C4AC89-4F15-44A4-8B88-9D4A7FDC1BF9}"
	ProjectSection(ProjectDependencies) = postProject
		{6572B6F8-043B-44D6-BA15-90A7FD78F5A6} = {6572B6F8-043B-44D6-BA15-90A7FD78F5A6}
	EndProjectSection
EndProject
Project("{FAE04EC0-301F-11D3-BF4B-00C04F79EFBC}") = "SRPUtilities", "SRPUtilities\SRPUtilities.csproj", "{6572B6F8-043B-44D6-BA15-90A7FD78F5A6}"
EndProject
Project("{FAE04EC0-301F-11D3-BF4B-00C04F79EFBC}") = "SQLHelper", "SQLHelper\SQLHelper.csproj", "{E933400A-F1B2-4809-BE26-DB13F9BA758D}"
EndProject
Project("{FAE04EC0-301F-11D3-BF4B-00C04F79EFBC}") = "SRP_DAL", "SRP_DAL\SRP_DAL.csproj", "{CA06C666-E75C-45C5-9A64-150AB2EFD3B8}"
EndProject
Project("{2150E333-8FDC-42A3-9474-1A3956D46DE8}") = "Solution Items", "Solution Items", "{B04466CA-2F04-4D6F-9940-2EA318354274}"
	ProjectSection(SolutionItems) = preProject
		docs\conf.py = docs\conf.py
		CreateDatabase.sql = CreateDatabase.sql
		CREDITS.md = CREDITS.md
		LICENSE = LICENSE
		README.md = README.md
		THANKS.md = THANKS.md
	EndProjectSection
EndProject
Project("{FAE04EC0-301F-11D3-BF4B-00C04F79EFBC}") = "GRA.Communications", "GRA.Communications\GRA.Communications.csproj", "{27443946-6EC6-4631-B35C-6CBB7CBF1103}"
EndProject
Project("{FAE04EC0-301F-11D3-BF4B-00C04F79EFBC}") = "GRA.Tools", "GRA.Tools\GRA.Tools.csproj", "{B50B80E5-5996-42A1-BCDB-795EBC93E893}"
EndProject
Project("{00D1A9C2-B5F0-4AF3-8072-F6C62B433612}") = "GRA.Database", "GRA.Database\GRA.Database.sqlproj", "{0EC77B83-AC95-4325-BA45-40C7F2DB457F}"
EndProject
Project("{FAE04EC0-301F-11D3-BF4B-00C04F79EFBC}") = "GRA.Logic", "GRA.Logic\GRA.Logic.csproj", "{3B297209-B4EA-4DCA-BF63-BBBC019FB647}"
EndProject
Global
	GlobalSection(SolutionConfigurationPlatforms) = preSolution
		Debug|Any CPU = Debug|Any CPU
		Demo|Any CPU = Demo|Any CPU
		Dev|Any CPU = Dev|Any CPU
		Dev-ext|Any CPU = Dev-ext|Any CPU
		Docs|Any CPU = Docs|Any CPU
		Production|Any CPU = Production|Any CPU
		Release|Any CPU = Release|Any CPU
		Test|Any CPU = Test|Any CPU
	EndGlobalSection
	GlobalSection(ProjectConfigurationPlatforms) = postSolution
		{E0C4AC89-4F15-44A4-8B88-9D4A7FDC1BF9}.Debug|Any CPU.ActiveCfg = Debug|Any CPU
		{E0C4AC89-4F15-44A4-8B88-9D4A7FDC1BF9}.Debug|Any CPU.Build.0 = Debug|Any CPU
		{E0C4AC89-4F15-44A4-8B88-9D4A7FDC1BF9}.Demo|Any CPU.ActiveCfg = Demo|Any CPU
		{E0C4AC89-4F15-44A4-8B88-9D4A7FDC1BF9}.Demo|Any CPU.Build.0 = Demo|Any CPU
		{E0C4AC89-4F15-44A4-8B88-9D4A7FDC1BF9}.Dev|Any CPU.ActiveCfg = Dev|Any CPU
		{E0C4AC89-4F15-44A4-8B88-9D4A7FDC1BF9}.Dev|Any CPU.Build.0 = Dev|Any CPU
		{E0C4AC89-4F15-44A4-8B88-9D4A7FDC1BF9}.Dev-ext|Any CPU.ActiveCfg = Dev-ext|Any CPU
		{E0C4AC89-4F15-44A4-8B88-9D4A7FDC1BF9}.Dev-ext|Any CPU.Build.0 = Dev-ext|Any CPU
		{E0C4AC89-4F15-44A4-8B88-9D4A7FDC1BF9}.Docs|Any CPU.ActiveCfg = Docs|Any CPU
		{E0C4AC89-4F15-44A4-8B88-9D4A7FDC1BF9}.Docs|Any CPU.Build.0 = Docs|Any CPU
		{E0C4AC89-4F15-44A4-8B88-9D4A7FDC1BF9}.Production|Any CPU.ActiveCfg = Production|Any CPU
		{E0C4AC89-4F15-44A4-8B88-9D4A7FDC1BF9}.Production|Any CPU.Build.0 = Production|Any CPU
		{E0C4AC89-4F15-44A4-8B88-9D4A7FDC1BF9}.Release|Any CPU.ActiveCfg = Release|Any CPU
		{E0C4AC89-4F15-44A4-8B88-9D4A7FDC1BF9}.Release|Any CPU.Build.0 = Release|Any CPU
		{E0C4AC89-4F15-44A4-8B88-9D4A7FDC1BF9}.Test|Any CPU.ActiveCfg = Test|Any CPU
		{E0C4AC89-4F15-44A4-8B88-9D4A7FDC1BF9}.Test|Any CPU.Build.0 = Test|Any CPU
		{6572B6F8-043B-44D6-BA15-90A7FD78F5A6}.Debug|Any CPU.ActiveCfg = Debug|Any CPU
		{6572B6F8-043B-44D6-BA15-90A7FD78F5A6}.Debug|Any CPU.Build.0 = Debug|Any CPU
		{6572B6F8-043B-44D6-BA15-90A7FD78F5A6}.Demo|Any CPU.ActiveCfg = Release|Any CPU
		{6572B6F8-043B-44D6-BA15-90A7FD78F5A6}.Demo|Any CPU.Build.0 = Release|Any CPU
		{6572B6F8-043B-44D6-BA15-90A7FD78F5A6}.Dev|Any CPU.ActiveCfg = Debug|Any CPU
		{6572B6F8-043B-44D6-BA15-90A7FD78F5A6}.Dev|Any CPU.Build.0 = Debug|Any CPU
		{6572B6F8-043B-44D6-BA15-90A7FD78F5A6}.Dev-ext|Any CPU.ActiveCfg = Debug|Any CPU
		{6572B6F8-043B-44D6-BA15-90A7FD78F5A6}.Dev-ext|Any CPU.Build.0 = Debug|Any CPU
		{6572B6F8-043B-44D6-BA15-90A7FD78F5A6}.Docs|Any CPU.ActiveCfg = Debug|Any CPU
		{6572B6F8-043B-44D6-BA15-90A7FD78F5A6}.Docs|Any CPU.Build.0 = Debug|Any CPU
		{6572B6F8-043B-44D6-BA15-90A7FD78F5A6}.Production|Any CPU.ActiveCfg = Release|Any CPU
		{6572B6F8-043B-44D6-BA15-90A7FD78F5A6}.Production|Any CPU.Build.0 = Release|Any CPU
		{6572B6F8-043B-44D6-BA15-90A7FD78F5A6}.Release|Any CPU.ActiveCfg = Release|Any CPU
		{6572B6F8-043B-44D6-BA15-90A7FD78F5A6}.Release|Any CPU.Build.0 = Release|Any CPU
		{6572B6F8-043B-44D6-BA15-90A7FD78F5A6}.Test|Any CPU.ActiveCfg = Release|Any CPU
		{6572B6F8-043B-44D6-BA15-90A7FD78F5A6}.Test|Any CPU.Build.0 = Release|Any CPU
		{E933400A-F1B2-4809-BE26-DB13F9BA758D}.Debug|Any CPU.ActiveCfg = Debug|Any CPU
		{E933400A-F1B2-4809-BE26-DB13F9BA758D}.Debug|Any CPU.Build.0 = Debug|Any CPU
		{E933400A-F1B2-4809-BE26-DB13F9BA758D}.Demo|Any CPU.ActiveCfg = Release|Any CPU
		{E933400A-F1B2-4809-BE26-DB13F9BA758D}.Demo|Any CPU.Build.0 = Release|Any CPU
		{E933400A-F1B2-4809-BE26-DB13F9BA758D}.Dev|Any CPU.ActiveCfg = Debug|Any CPU
		{E933400A-F1B2-4809-BE26-DB13F9BA758D}.Dev|Any CPU.Build.0 = Debug|Any CPU
		{E933400A-F1B2-4809-BE26-DB13F9BA758D}.Dev-ext|Any CPU.ActiveCfg = Debug|Any CPU
		{E933400A-F1B2-4809-BE26-DB13F9BA758D}.Dev-ext|Any CPU.Build.0 = Debug|Any CPU
		{E933400A-F1B2-4809-BE26-DB13F9BA758D}.Docs|Any CPU.ActiveCfg = Debug|Any CPU
		{E933400A-F1B2-4809-BE26-DB13F9BA758D}.Docs|Any CPU.Build.0 = Debug|Any CPU
		{E933400A-F1B2-4809-BE26-DB13F9BA758D}.Production|Any CPU.ActiveCfg = Release|Any CPU
		{E933400A-F1B2-4809-BE26-DB13F9BA758D}.Production|Any CPU.Build.0 = Release|Any CPU
		{E933400A-F1B2-4809-BE26-DB13F9BA758D}.Release|Any CPU.ActiveCfg = Release|Any CPU
		{E933400A-F1B2-4809-BE26-DB13F9BA758D}.Release|Any CPU.Build.0 = Release|Any CPU
		{E933400A-F1B2-4809-BE26-DB13F9BA758D}.Test|Any CPU.ActiveCfg = Release|Any CPU
		{E933400A-F1B2-4809-BE26-DB13F9BA758D}.Test|Any CPU.Build.0 = Release|Any CPU
		{CA06C666-E75C-45C5-9A64-150AB2EFD3B8}.Debug|Any CPU.ActiveCfg = Debug|Any CPU
		{CA06C666-E75C-45C5-9A64-150AB2EFD3B8}.Debug|Any CPU.Build.0 = Debug|Any CPU
		{CA06C666-E75C-45C5-9A64-150AB2EFD3B8}.Demo|Any CPU.ActiveCfg = Release|Any CPU
		{CA06C666-E75C-45C5-9A64-150AB2EFD3B8}.Demo|Any CPU.Build.0 = Release|Any CPU
		{CA06C666-E75C-45C5-9A64-150AB2EFD3B8}.Dev|Any CPU.ActiveCfg = Debug|Any CPU
		{CA06C666-E75C-45C5-9A64-150AB2EFD3B8}.Dev|Any CPU.Build.0 = Debug|Any CPU
		{CA06C666-E75C-45C5-9A64-150AB2EFD3B8}.Dev-ext|Any CPU.ActiveCfg = Debug|Any CPU
		{CA06C666-E75C-45C5-9A64-150AB2EFD3B8}.Dev-ext|Any CPU.Build.0 = Debug|Any CPU
		{CA06C666-E75C-45C5-9A64-150AB2EFD3B8}.Docs|Any CPU.ActiveCfg = Debug|Any CPU
		{CA06C666-E75C-45C5-9A64-150AB2EFD3B8}.Docs|Any CPU.Build.0 = Debug|Any CPU
		{CA06C666-E75C-45C5-9A64-150AB2EFD3B8}.Production|Any CPU.ActiveCfg = Release|Any CPU
		{CA06C666-E75C-45C5-9A64-150AB2EFD3B8}.Production|Any CPU.Build.0 = Release|Any CPU
		{CA06C666-E75C-45C5-9A64-150AB2EFD3B8}.Release|Any CPU.ActiveCfg = Release|Any CPU
		{CA06C666-E75C-45C5-9A64-150AB2EFD3B8}.Release|Any CPU.Build.0 = Release|Any CPU
		{CA06C666-E75C-45C5-9A64-150AB2EFD3B8}.Test|Any CPU.ActiveCfg = Release|Any CPU
		{CA06C666-E75C-45C5-9A64-150AB2EFD3B8}.Test|Any CPU.Build.0 = Release|Any CPU
		{27443946-6EC6-4631-B35C-6CBB7CBF1103}.Debug|Any CPU.ActiveCfg = Debug|Any CPU
		{27443946-6EC6-4631-B35C-6CBB7CBF1103}.Debug|Any CPU.Build.0 = Debug|Any CPU
		{27443946-6EC6-4631-B35C-6CBB7CBF1103}.Demo|Any CPU.ActiveCfg = Release|Any CPU
		{27443946-6EC6-4631-B35C-6CBB7CBF1103}.Demo|Any CPU.Build.0 = Release|Any CPU
		{27443946-6EC6-4631-B35C-6CBB7CBF1103}.Dev|Any CPU.ActiveCfg = Debug|Any CPU
		{27443946-6EC6-4631-B35C-6CBB7CBF1103}.Dev|Any CPU.Build.0 = Debug|Any CPU
		{27443946-6EC6-4631-B35C-6CBB7CBF1103}.Dev-ext|Any CPU.ActiveCfg = Debug|Any CPU
		{27443946-6EC6-4631-B35C-6CBB7CBF1103}.Dev-ext|Any CPU.Build.0 = Debug|Any CPU
		{27443946-6EC6-4631-B35C-6CBB7CBF1103}.Docs|Any CPU.ActiveCfg = Debug|Any CPU
		{27443946-6EC6-4631-B35C-6CBB7CBF1103}.Docs|Any CPU.Build.0 = Debug|Any CPU
		{27443946-6EC6-4631-B35C-6CBB7CBF1103}.Production|Any CPU.ActiveCfg = Release|Any CPU
		{27443946-6EC6-4631-B35C-6CBB7CBF1103}.Production|Any CPU.Build.0 = Release|Any CPU
		{27443946-6EC6-4631-B35C-6CBB7CBF1103}.Release|Any CPU.ActiveCfg = Release|Any CPU
		{27443946-6EC6-4631-B35C-6CBB7CBF1103}.Release|Any CPU.Build.0 = Release|Any CPU
		{27443946-6EC6-4631-B35C-6CBB7CBF1103}.Test|Any CPU.ActiveCfg = Release|Any CPU
		{27443946-6EC6-4631-B35C-6CBB7CBF1103}.Test|Any CPU.Build.0 = Release|Any CPU
		{B50B80E5-5996-42A1-BCDB-795EBC93E893}.Debug|Any CPU.ActiveCfg = Debug|Any CPU
		{B50B80E5-5996-42A1-BCDB-795EBC93E893}.Debug|Any CPU.Build.0 = Debug|Any CPU
		{B50B80E5-5996-42A1-BCDB-795EBC93E893}.Demo|Any CPU.ActiveCfg = Release|Any CPU
		{B50B80E5-5996-42A1-BCDB-795EBC93E893}.Demo|Any CPU.Build.0 = Release|Any CPU
		{B50B80E5-5996-42A1-BCDB-795EBC93E893}.Dev|Any CPU.ActiveCfg = Debug|Any CPU
		{B50B80E5-5996-42A1-BCDB-795EBC93E893}.Dev|Any CPU.Build.0 = Debug|Any CPU
		{B50B80E5-5996-42A1-BCDB-795EBC93E893}.Dev-ext|Any CPU.ActiveCfg = Debug|Any CPU
		{B50B80E5-5996-42A1-BCDB-795EBC93E893}.Dev-ext|Any CPU.Build.0 = Debug|Any CPU
		{B50B80E5-5996-42A1-BCDB-795EBC93E893}.Docs|Any CPU.ActiveCfg = Debug|Any CPU
		{B50B80E5-5996-42A1-BCDB-795EBC93E893}.Docs|Any CPU.Build.0 = Debug|Any CPU
		{B50B80E5-5996-42A1-BCDB-795EBC93E893}.Production|Any CPU.ActiveCfg = Release|Any CPU
		{B50B80E5-5996-42A1-BCDB-795EBC93E893}.Production|Any CPU.Build.0 = Release|Any CPU
		{B50B80E5-5996-42A1-BCDB-795EBC93E893}.Release|Any CPU.ActiveCfg = Release|Any CPU
		{B50B80E5-5996-42A1-BCDB-795EBC93E893}.Release|Any CPU.Build.0 = Release|Any CPU
		{B50B80E5-5996-42A1-BCDB-795EBC93E893}.Test|Any CPU.ActiveCfg = Release|Any CPU
		{B50B80E5-5996-42A1-BCDB-795EBC93E893}.Test|Any CPU.Build.0 = Release|Any CPU
		{0EC77B83-AC95-4325-BA45-40C7F2DB457F}.Debug|Any CPU.ActiveCfg = Debug|Any CPU
		{0EC77B83-AC95-4325-BA45-40C7F2DB457F}.Debug|Any CPU.Build.0 = Debug|Any CPU
		{0EC77B83-AC95-4325-BA45-40C7F2DB457F}.Demo|Any CPU.ActiveCfg = Release|Any CPU
		{0EC77B83-AC95-4325-BA45-40C7F2DB457F}.Dev|Any CPU.ActiveCfg = Debug|Any CPU
		{0EC77B83-AC95-4325-BA45-40C7F2DB457F}.Dev|Any CPU.Build.0 = Debug|Any CPU
		{0EC77B83-AC95-4325-BA45-40C7F2DB457F}.Dev-ext|Any CPU.ActiveCfg = Debug|Any CPU
		{0EC77B83-AC95-4325-BA45-40C7F2DB457F}.Dev-ext|Any CPU.Build.0 = Debug|Any CPU
		{0EC77B83-AC95-4325-BA45-40C7F2DB457F}.Docs|Any CPU.ActiveCfg = Debug|Any CPU
		{0EC77B83-AC95-4325-BA45-40C7F2DB457F}.Docs|Any CPU.Build.0 = Debug|Any CPU
		{0EC77B83-AC95-4325-BA45-40C7F2DB457F}.Production|Any CPU.ActiveCfg = Release|Any CPU
		{0EC77B83-AC95-4325-BA45-40C7F2DB457F}.Release|Any CPU.ActiveCfg = Release|Any CPU
		{0EC77B83-AC95-4325-BA45-40C7F2DB457F}.Release|Any CPU.Build.0 = Release|Any CPU
		{0EC77B83-AC95-4325-BA45-40C7F2DB457F}.Test|Any CPU.ActiveCfg = Release|Any CPU
		{0EC77B83-AC95-4325-BA45-40C7F2DB457F}.Test|Any CPU.Build.0 = Release|Any CPU
		{3B297209-B4EA-4DCA-BF63-BBBC019FB647}.Debug|Any CPU.ActiveCfg = Debug|Any CPU
		{3B297209-B4EA-4DCA-BF63-BBBC019FB647}.Debug|Any CPU.Build.0 = Debug|Any CPU
		{3B297209-B4EA-4DCA-BF63-BBBC019FB647}.Demo|Any CPU.ActiveCfg = Release|Any CPU
		{3B297209-B4EA-4DCA-BF63-BBBC019FB647}.Demo|Any CPU.Build.0 = Release|Any CPU
		{3B297209-B4EA-4DCA-BF63-BBBC019FB647}.Dev|Any CPU.ActiveCfg = Debug|Any CPU
		{3B297209-B4EA-4DCA-BF63-BBBC019FB647}.Dev|Any CPU.Build.0 = Debug|Any CPU
		{3B297209-B4EA-4DCA-BF63-BBBC019FB647}.Dev-ext|Any CPU.ActiveCfg = Debug|Any CPU
		{3B297209-B4EA-4DCA-BF63-BBBC019FB647}.Dev-ext|Any CPU.Build.0 = Debug|Any CPU
		{3B297209-B4EA-4DCA-BF63-BBBC019FB647}.Docs|Any CPU.ActiveCfg = Debug|Any CPU
		{3B297209-B4EA-4DCA-BF63-BBBC019FB647}.Docs|Any CPU.Build.0 = Debug|Any CPU
		{3B297209-B4EA-4DCA-BF63-BBBC019FB647}.Production|Any CPU.ActiveCfg = Release|Any CPU
		{3B297209-B4EA-4DCA-BF63-BBBC019FB647}.Production|Any CPU.Build.0 = Release|Any CPU
		{3B297209-B4EA-4DCA-BF63-BBBC019FB647}.Release|Any CPU.ActiveCfg = Release|Any CPU
		{3B297209-B4EA-4DCA-BF63-BBBC019FB647}.Release|Any CPU.Build.0 = Release|Any CPU
		{3B297209-B4EA-4DCA-BF63-BBBC019FB647}.Test|Any CPU.ActiveCfg = Release|Any CPU
		{3B297209-B4EA-4DCA-BF63-BBBC019FB647}.Test|Any CPU.Build.0 = Release|Any CPU
	EndGlobalSection
	GlobalSection(SolutionProperties) = preSolution
		HideSolutionNode = FALSE
	EndGlobalSection
EndGlobal
