
Microsoft Visual Studio Solution File, Format Version 12.00
# Visual Studio 14
VisualStudioVersion = 14.0.25420.1
MinimumVisualStudioVersion = 10.0.40219.1
Project("{2150E333-8FDC-42A3-9474-1A3956D46DE8}") = "src", "src", "{0324DE44-14C1-4203-A624-5BE8BD75153E}"
EndProject
Project("{2150E333-8FDC-42A3-9474-1A3956D46DE8}") = "Solution Items", "Solution Items", "{E31857E8-98F8-4579-B9C2-7C6079EF234F}"
	ProjectSection(SolutionItems) = preProject
		CREDITS.md = CREDITS.md
		global.json = global.json
		README.md = README.md
		THANKS.md = THANKS.md
	EndProjectSection
EndProject
Project("{8BB2217D-0F2D-49D1-97BC-3654ED321F3B}") = "GRA.Web", "src\GRA.Web\GRA.Web.xproj", "{62E47447-A4E5-40FC-8CA7-12A0FBE46915}"
EndProject
Project("{8BB2217D-0F2D-49D1-97BC-3654ED321F3B}") = "GRA.Domain", "src\GRA.Domain\GRA.Domain.xproj", "{293BC215-8191-4DC8-8906-557F93FC1605}"
EndProject
Project("{8BB2217D-0F2D-49D1-97BC-3654ED321F3B}") = "GRA.Controllers", "src\GRA.Controllers\GRA.Controllers.xproj", "{8B78E9A9-0F87-4775-9859-F627851A2545}"
EndProject
Project("{8BB2217D-0F2D-49D1-97BC-3654ED321F3B}") = "GRA.Data", "src\GRA.Data\GRA.Data.xproj", "{E6F2731C-50A5-49DB-8E8B-7990B9ECB901}"
EndProject
Project("{8BB2217D-0F2D-49D1-97BC-3654ED321F3B}") = "GRA.Data.SqlServer", "src\GRA.Data.SqlServer\GRA.Data.SqlServer.xproj", "{F428384E-D728-4026-9EFB-097C5EE09792}"
EndProject
Project("{8BB2217D-0F2D-49D1-97BC-3654ED321F3B}") = "GRA.Data.SQLite", "src\GRA.Data.SQLite\GRA.Data.SQLite.xproj", "{EC468258-8B51-4CB2-9077-9CA9ACC6C330}"
EndProject
Global
	GlobalSection(SolutionConfigurationPlatforms) = preSolution
		Debug|Any CPU = Debug|Any CPU
		Release|Any CPU = Release|Any CPU
	EndGlobalSection
	GlobalSection(ProjectConfigurationPlatforms) = postSolution
		{62E47447-A4E5-40FC-8CA7-12A0FBE46915}.Debug|Any CPU.ActiveCfg = Debug|Any CPU
		{62E47447-A4E5-40FC-8CA7-12A0FBE46915}.Debug|Any CPU.Build.0 = Debug|Any CPU
		{62E47447-A4E5-40FC-8CA7-12A0FBE46915}.Release|Any CPU.ActiveCfg = Release|Any CPU
		{62E47447-A4E5-40FC-8CA7-12A0FBE46915}.Release|Any CPU.Build.0 = Release|Any CPU
		{293BC215-8191-4DC8-8906-557F93FC1605}.Debug|Any CPU.ActiveCfg = Debug|Any CPU
		{293BC215-8191-4DC8-8906-557F93FC1605}.Debug|Any CPU.Build.0 = Debug|Any CPU
		{293BC215-8191-4DC8-8906-557F93FC1605}.Release|Any CPU.ActiveCfg = Release|Any CPU
		{293BC215-8191-4DC8-8906-557F93FC1605}.Release|Any CPU.Build.0 = Release|Any CPU
		{8B78E9A9-0F87-4775-9859-F627851A2545}.Debug|Any CPU.ActiveCfg = Debug|Any CPU
		{8B78E9A9-0F87-4775-9859-F627851A2545}.Debug|Any CPU.Build.0 = Debug|Any CPU
		{8B78E9A9-0F87-4775-9859-F627851A2545}.Release|Any CPU.ActiveCfg = Release|Any CPU
		{8B78E9A9-0F87-4775-9859-F627851A2545}.Release|Any CPU.Build.0 = Release|Any CPU
		{E6F2731C-50A5-49DB-8E8B-7990B9ECB901}.Debug|Any CPU.ActiveCfg = Debug|Any CPU
		{E6F2731C-50A5-49DB-8E8B-7990B9ECB901}.Debug|Any CPU.Build.0 = Debug|Any CPU
		{E6F2731C-50A5-49DB-8E8B-7990B9ECB901}.Release|Any CPU.ActiveCfg = Release|Any CPU
		{E6F2731C-50A5-49DB-8E8B-7990B9ECB901}.Release|Any CPU.Build.0 = Release|Any CPU
		{F428384E-D728-4026-9EFB-097C5EE09792}.Debug|Any CPU.ActiveCfg = Debug|Any CPU
		{F428384E-D728-4026-9EFB-097C5EE09792}.Debug|Any CPU.Build.0 = Debug|Any CPU
		{F428384E-D728-4026-9EFB-097C5EE09792}.Release|Any CPU.ActiveCfg = Release|Any CPU
		{F428384E-D728-4026-9EFB-097C5EE09792}.Release|Any CPU.Build.0 = Release|Any CPU
		{EC468258-8B51-4CB2-9077-9CA9ACC6C330}.Debug|Any CPU.ActiveCfg = Debug|Any CPU
		{EC468258-8B51-4CB2-9077-9CA9ACC6C330}.Debug|Any CPU.Build.0 = Debug|Any CPU
		{EC468258-8B51-4CB2-9077-9CA9ACC6C330}.Release|Any CPU.ActiveCfg = Release|Any CPU
		{EC468258-8B51-4CB2-9077-9CA9ACC6C330}.Release|Any CPU.Build.0 = Release|Any CPU
	EndGlobalSection
	GlobalSection(SolutionProperties) = preSolution
		HideSolutionNode = FALSE
	EndGlobalSection
	GlobalSection(NestedProjects) = preSolution
		{62E47447-A4E5-40FC-8CA7-12A0FBE46915} = {0324DE44-14C1-4203-A624-5BE8BD75153E}
		{293BC215-8191-4DC8-8906-557F93FC1605} = {0324DE44-14C1-4203-A624-5BE8BD75153E}
		{8B78E9A9-0F87-4775-9859-F627851A2545} = {0324DE44-14C1-4203-A624-5BE8BD75153E}
		{E6F2731C-50A5-49DB-8E8B-7990B9ECB901} = {0324DE44-14C1-4203-A624-5BE8BD75153E}
		{F428384E-D728-4026-9EFB-097C5EE09792} = {0324DE44-14C1-4203-A624-5BE8BD75153E}
		{EC468258-8B51-4CB2-9077-9CA9ACC6C330} = {0324DE44-14C1-4203-A624-5BE8BD75153E}
	EndGlobalSection
EndGlobal
