# This file is generated by running "yarn install" inside your project.
# Manual changes might be lost - proceed with caution!

__metadata:
  version: 8
  cacheKey: 10

"@eonasdan/tempus-dominus@npm:^6.9.10":
  version: 6.9.10
  resolution: "@eonasdan/tempus-dominus@npm:6.9.10"
  peerDependencies:
    "@popperjs/core": ^2.11.6
  peerDependenciesMeta:
    "@popperjs/core\"":
      optional: true
  checksum: 10/8c2db162d026d42eb36a5da3094f94b7bbecf919e5b70c9dbd03061480a4b3a465bdf10287d9e4ca3a39bac9740995f8e8a0fbad9c5a78100440946060703a99
  languageName: node
  linkType: hard

"@fortawesome/fontawesome-free@npm:^5.15.4":
  version: 5.15.4
  resolution: "@fortawesome/fontawesome-free@npm:5.15.4"
  checksum: 10/1ffbe55214d378fc3618f77b50b624a4571f984085318bbef3d81b810f1049451865634a4224f35844b205e6586a0a6473a54ce6e5cd0f0b3be5fbf57ab46901
  languageName: node
  linkType: hard

"@popperjs/core@npm:^2.11.8":
  version: 2.11.8
  resolution: "@popperjs/core@npm:2.11.8"
  checksum: 10/ddd16090cde777aaf102940f05d0274602079a95ad9805bd20bc55dcc7c3a2ba1b99dd5c73e5cc2753c3d31250ca52a67d58059459d7d27debb983a9f552936c
  languageName: node
  linkType: hard

"GreatReadingAdventure@workspace:.":
  version: 0.0.0-use.local
  resolution: "GreatReadingAdventure@workspace:."
  dependencies:
    "@eonasdan/tempus-dominus": "npm:^6.9.10"
    "@fortawesome/fontawesome-free": "npm:^5.15.4"
    "@popperjs/core": "npm:^2.11.8"
    bootstrap: "npm:^5.3.3"
    bootstrap-multiselect: "npm:^1.1.0"
    bootstrap-select: "npm:^1.13.18"
    commonmark: "npm:^0.31.1"
    jquery: "npm:^3.7.1"
    jquery-validation: "npm:^1.21.0"
    jquery-validation-unobtrusive: "npm:^4.0.0"
    moment: "npm:^2.30.1"
    moment-timezone: "npm:^0.5.45"
    slick-carousel: "npm:^1.8.1"
  languageName: unknown
  linkType: soft

"bootstrap-multiselect@npm:^1.1.0":
  version: 1.1.0
  resolution: "bootstrap-multiselect@npm:1.1.0"
  dependencies:
    jquery: "npm:>= 2.2.4"
  checksum: 10/38fbbf334a118d269e50689439625f9184638f2f17c6de8bce96e41994c95c8054b9d06512c26f3dbadd129b7fe82e4ef590f4eaea780434bd63d35727c5b4b4
  languageName: node
  linkType: hard

"bootstrap-select@npm:^1.13.18":
  version: 1.13.18
  resolution: "bootstrap-select@npm:1.13.18"
  peerDependencies:
    bootstrap: ">=3.0.0"
    jquery: 1.9.1 - 3
  checksum: 10/660f1fdf826ccd2093ba4597406a664808e95fe34efb0a22ca85171ab6b902d7637fc649577d131c192a9c4dddb480ab1ba2132f8d0941f0d74760391909ec9a
  languageName: node
  linkType: hard

"bootstrap@npm:^5.3.3":
  version: 5.3.3
  resolution: "bootstrap@npm:5.3.3"
  peerDependencies:
    "@popperjs/core": ^2.11.8
  checksum: 10/f05183948b00b496400cc13df5798ecab7a85975e7d9a77b314a763b574a990aec0f1bbf1913c648a93b5d8cc82e73bc05f5ec1161d2932aad7ef7f316d9c82d
  languageName: node
  linkType: hard

"commonmark@npm:^0.31.1":
  version: 0.31.1
  resolution: "commonmark@npm:0.31.1"
  dependencies:
    entities: "npm:~3.0.1"
    mdurl: "npm:~1.0.1"
    minimist: "npm:~1.2.5"
  bin:
    commonmark: bin/commonmark
  checksum: 10/a5d0a5904512f947ef3caba28edaa082e444a0e2bcb791254645ffa7684f1e3f971f40ad8c18bc842a8c869c6c1db24fadf5889ce44ca723d9939ae0f439c230
  languageName: node
  linkType: hard

"entities@npm:~3.0.1":
  version: 3.0.1
  resolution: "entities@npm:3.0.1"
  checksum: 10/3706e0292ea3f3679720b3d3b1ed6290b164aaeb11116691a922a3acea144503871e0de2170b47671c3b735549b8b7f4741d0d3c2987e8f985ccaa0dd3762eba
  languageName: node
  linkType: hard

"jquery-validation-unobtrusive@npm:^4.0.0":
  version: 4.0.0
  resolution: "jquery-validation-unobtrusive@npm:4.0.0"
  dependencies:
    jquery: "npm:^3.6.0"
    jquery-validation: "npm:>=1.19"
  checksum: 10/dd75fd20eadfc0c7ba9b1daa4550fc3d6a4e120c9d026c4f7acb7e23b4301ddd571def1f126380a626a92ccde63b7735403f35521c60afb3903ae68757ba6ac2
  languageName: node
  linkType: hard

"jquery-validation@npm:>=1.19":
  version: 1.19.5
  resolution: "jquery-validation@npm:1.19.5"
  peerDependencies:
    jquery: ^1.7 || ^2.0 || ^3.1
  checksum: 10/76a09df348a197c8809e7ec8a35ff9e9c6f7b2f7efb45a83144e2ee44f65a093a7bda9c54aadf81ecac9a8efc1bf939327e17ff169e47840de059ab3979cea8b
  languageName: node
  linkType: hard

"jquery-validation@npm:^1.21.0":
  version: 1.21.0
  resolution: "jquery-validation@npm:1.21.0"
  peerDependencies:
    jquery: ^1.7 || ^2.0 || ^3.1
  checksum: 10/999cc6ca02f0ba4ae647f01d5401b023689a44e10f8b12ef2e990b3762174fcdd818caa7145615a1fc55d4ed3e9959bf7113e11cd9fca2ac58a88bc9dccc13a0
  languageName: node
  linkType: hard

"jquery@npm:>= 2.2.4, jquery@npm:^3.7.1":
  version: 3.7.1
  resolution: "jquery@npm:3.7.1"
  checksum: 10/17be9929f5fa37697d9848284f0d108c543318ef79ec794e130cd0c49f6c050d60c803a69e8cfa16fa19f5ff7cdb814a6905cceab0831186560c65ed113cd579
  languageName: node
  linkType: hard

"jquery@npm:^3.6.0":
  version: 3.6.0
  resolution: "jquery@npm:3.6.0"
  checksum: 10/9785a3a13718ae51a13394e9953cc321fc11fb820e98b92ad1e76bc81086e596b3e7627fd2f23db79f4088cc0862eb2541ad775ea75d3079cc1fec834c28d5ad
  languageName: node
  linkType: hard

"mdurl@npm:~1.0.1":
  version: 1.0.1
  resolution: "mdurl@npm:1.0.1"
  checksum: 10/ada367d01c9e81d07328101f187d5bd8641b71f33eab075df4caed935a24fa679e625f07108801d8250a5e4a99e5cd4be7679957a11424a3aa3e740d2bb2d5cb
  languageName: node
  linkType: hard

"minimist@npm:~1.2.5":
  version: 1.2.8
  resolution: "minimist@npm:1.2.8"
  checksum: 10/908491b6cc15a6c440ba5b22780a0ba89b9810e1aea684e253e43c4e3b8d56ec1dcdd7ea96dde119c29df59c936cde16062159eae4225c691e19c70b432b6e6f
  languageName: node
  linkType: hard

"moment-timezone@npm:^0.5.45":
  version: 0.5.45
  resolution: "moment-timezone@npm:0.5.45"
  dependencies:
    moment: "npm:^2.29.4"
  checksum: 10/45e3793d44bea8e826c934a335ebf0b92c6d6dae562fdb59d8c45a16d5c11de4d6692b5fa7eebca969881f06b81b55f8535883bfbc727b597d601709fa5a2bb2
  languageName: node
  linkType: hard

"moment@npm:^2.29.4":
  version: 2.29.4
  resolution: "moment@npm:2.29.4"
  checksum: 10/157c5af5a0ba8196e577bc67feb583303191d21ba1f7f2af30b3b40d4c63a64d505ba402be2a1454832082fac6be69db1e0d186c3279dae191e6634b0c33705c
  languageName: node
  linkType: hard

"moment@npm:^2.30.1":
  version: 2.30.1
  resolution: "moment@npm:2.30.1"
  checksum: 10/ae42d876d4ec831ef66110bdc302c0657c664991e45cf2afffc4b0f6cd6d251dde11375c982a5c0564ccc0fa593fc564576ddceb8c8845e87c15f58aa6baca69
  languageName: node
  linkType: hard

"slick-carousel@npm:^1.8.1":
  version: 1.8.1
  resolution: "slick-carousel@npm:1.8.1"
  peerDependencies:
    jquery: ">=1.8.0"
  checksum: 10/b383e6f96b3bec573522467cfeeac1fce22d1cd53a68f5699cd3d62f0167777116b925dc48fbe64979a7a830777e4440036b8a7d4575c9ff8d18c3dd141b1ea2
  languageName: node
  linkType: hard
