# This file is generated by running "yarn install" inside your project.
# Manual changes might be lost - proceed with caution!

__metadata:
  version: 6
  cacheKey: 8

"@fortawesome/fontawesome-free@npm:^5.15.4":
  version: 5.15.4
  resolution: "@fortawesome/fontawesome-free@npm:5.15.4"
  checksum: 32281c3df4075290d9a96dfc22f72fadb3da7055d4117e48d34046b8c98032a55fa260ae351b0af5d6f6fb57a2f5d79a4abe52af456da35195f7cb7dda27b4a2
  languageName: node
  linkType: hard

"GreatReadingAdventure@workspace:.":
  version: 0.0.0-use.local
  resolution: "GreatReadingAdventure@workspace:."
  dependencies:
    "@fortawesome/fontawesome-free": ^5.15.4
    bootstrap: ^3.4.1
    bootstrap-multiselect: ^0.9.15
    bootstrap-select: ^1.13.18
    commonmark: ^0.31.1
    eonasdan-bootstrap-datetimepicker: 4.17.49
    jquery: ^3.7.1
    jquery-validation: ^1.21.0
    jquery-validation-unobtrusive: ^4.0.0
    moment: ^2.30.1
    moment-timezone: ^0.5.45
    slick-carousel: ^1.8.1
  languageName: unknown
  linkType: soft

"bootstrap-multiselect@npm:^0.9.15":
  version: 0.9.15
  resolution: "bootstrap-multiselect@npm:0.9.15"
  dependencies:
    jquery: ~2.1.3
  checksum: 7382c4493a789e9eceffeb6e54852226cc1428934a1eada61853fabfd93afc39ea40d9d44deeb939d204cb22ff67d16a540c5946b18e1afb9bf954dc078676fd
  languageName: node
  linkType: hard

"bootstrap-select@npm:^1.13.18":
  version: 1.13.18
  resolution: "bootstrap-select@npm:1.13.18"
  peerDependencies:
    bootstrap: ">=3.0.0"
    jquery: 1.9.1 - 3
  checksum: b81e977c3b8837ce7125f0050e15343aa2a59a70b8df3e40c843c35f3bb07000a1977a04f19e56d44d06093106427293433f84c1da6f83e96257f62642137530
  languageName: node
  linkType: hard

"bootstrap@npm:^3.3, bootstrap@npm:^3.4.1":
  version: 3.4.1
  resolution: "bootstrap@npm:3.4.1"
  checksum: 5742035e8c541cd525780542771e7d56f63e5d4b2d902427bf182d3383e74a17c9074b6809f50d7f3de0585377e673339628b97cfdcde597ad69ecb1d2b562a6
  languageName: node
  linkType: hard

"commonmark@npm:^0.31.1":
  version: 0.31.1
  resolution: "commonmark@npm:0.31.1"
  dependencies:
    entities: ~3.0.1
    mdurl: ~1.0.1
    minimist: ~1.2.5
  bin:
    commonmark: bin/commonmark
  checksum: 7a60602eabc0d10934a0ae18f9da6ef34338c7a7898d7c9fd8047f7cb502d07fb8b38ea68209a4cf9227c0caf034fccc3cca254e6bcd6da80173b3dfbca1d1a9
  languageName: node
  linkType: hard

"entities@npm:~3.0.1":
  version: 3.0.1
  resolution: "entities@npm:3.0.1"
  checksum: aaf7f12033f0939be91f5161593f853f2da55866db55ccbf72f45430b8977e2b79dbd58c53d0fdd2d00bd7d313b75b0968d09f038df88e308aa97e39f9456572
  languageName: node
  linkType: hard

"eonasdan-bootstrap-datetimepicker@npm:4.17.49":
  version: 4.17.49
  resolution: "eonasdan-bootstrap-datetimepicker@npm:4.17.49"
  dependencies:
    bootstrap: ^3.3
    jquery: ^3.5.1
    moment: ^2.10
    moment-timezone: ^0.4.0
  peerDependencies:
    bootstrap: ^3.3
    jquery: ^1.8.3 || ^2.0 || ^3.0
    moment: ^2.10
    moment-timezone: ^0.4.0 || ^0.5.0
  checksum: e7ee859c0ba45fad05e25fad306551a087211824cfb706ee46b08f3fa9201a182a95af0506860e25d78a6a577f099350ec54bc88e1d01df1f29f8cfc353e493f
  languageName: node
  linkType: hard

"jquery-validation-unobtrusive@npm:^4.0.0":
  version: 4.0.0
  resolution: "jquery-validation-unobtrusive@npm:4.0.0"
  dependencies:
    jquery: ^3.6.0
    jquery-validation: ">=1.19"
  checksum: a73f7e28c9425cb3d11515eaf4bfc83b2d3cac8179beff754eb3740e05f328408bf8bec56be86d9ecb0eb6b6344d82f90c22304af9c8369d7500aef1f0eb17d7
  languageName: node
  linkType: hard

"jquery-validation@npm:>=1.19":
  version: 1.19.5
  resolution: "jquery-validation@npm:1.19.5"
  peerDependencies:
    jquery: ^1.7 || ^2.0 || ^3.1
  checksum: 75e7a84b2eb5a23720f8ab8c60768c76043e871164cd8c2a6821452133293d891bf81c2b4d0cbbdddd4da9bca3c97c50268e2be873f6719260c3123fc2a6ad91
  languageName: node
  linkType: hard

"jquery-validation@npm:^1.21.0":
  version: 1.21.0
  resolution: "jquery-validation@npm:1.21.0"
  peerDependencies:
    jquery: ^1.7 || ^2.0 || ^3.1
  checksum: 03ad9bb813637403984d50b4bbf1219d11f93e464cd3a860b9a2941fe74709e48d3163bc330f969d17de94a26ec379f14394412a3f2e985b7568d467f8e5ade9
  languageName: node
  linkType: hard

"jquery@npm:^3.5.1":
  version: 3.6.1
  resolution: "jquery@npm:3.6.1"
  checksum: 6177d866a74f1137cad800f142c7cdbd5ab19cd4282546f8bdb4890c9f933b1d542ab96f2aa15d007e43c98de7315b0513e849ec5359d3ac5640f720892fe547
  languageName: node
  linkType: hard

"jquery@npm:^3.6.0":
  version: 3.6.0
  resolution: "jquery@npm:3.6.0"
  checksum: 8fd5fef4aa48fd374ec716dd1c1df1af407814a228e15c1260ca140de3a697c2a77c30c54ff1d238b6a3ab4ddc445ddeef9adce6c6d28e4869d85eb9d3951c0e
  languageName: node
  linkType: hard

"jquery@npm:^3.7.1":
  version: 3.7.1
  resolution: "jquery@npm:3.7.1"
  checksum: 4370b8139d6ae82867eb6f7f21d1edccf1d1bdf41c0840920ea80d366c2cd5dbe1ceebb110ee9772aa839b04400faa1572c5c560b507c688ed7b61cea26c0e27
  languageName: node
  linkType: hard

"jquery@npm:~2.1.3":
  version: 2.1.4
  resolution: "jquery@npm:2.1.4"
  checksum: a6ee8f16952297a806f02d08dab6ed899b1a531db1cf9e958018332997633db44cd88f7e86f227d0783af5cb295fe521d2967d692f81858ca5613a1060a225c7
  languageName: node
  linkType: hard

"mdurl@npm:~1.0.1":
  version: 1.0.1
  resolution: "mdurl@npm:1.0.1"
  checksum: 71731ecba943926bfbf9f9b51e28b5945f9411c4eda80894221b47cc105afa43ba2da820732b436f0798fd3edbbffcd1fc1415843c41a87fea08a41cc1e3d02b
  languageName: node
  linkType: hard

"minimist@npm:~1.2.5":
  version: 1.2.8
  resolution: "minimist@npm:1.2.8"
  checksum: 75a6d645fb122dad29c06a7597bddea977258957ed88d7a6df59b5cd3fe4a527e253e9bbf2e783e4b73657f9098b96a5fe96ab8a113655d4109108577ecf85b0
  languageName: node
  linkType: hard

"moment-timezone@npm:^0.4.0":
  version: 0.4.1
  resolution: "moment-timezone@npm:0.4.1"
  dependencies:
    moment: ">= 2.6.0"
  checksum: 854adeb83be48716f59f4a0ee96863270dd8ff94d319f13c546ecc47408e67c59b35a720aeffaae6c4ad986e8eb7af0a5352621c327cedc1dbee9c6bcc596f94
  languageName: node
  linkType: hard

"moment-timezone@npm:^0.5.45":
  version: 0.5.45
  resolution: "moment-timezone@npm:0.5.45"
  dependencies:
    moment: ^2.29.4
  checksum: a22e9f983fbe1a01757ce30685bce92e3f6efa692eb682afd47b82da3ff960b3c8c2c3883ec6715c124bc985a342b57cba1f6ba25a1c8b4c7ad766db3cd5e1d0
  languageName: node
  linkType: hard

"moment@npm:>= 2.6.0, moment@npm:^2.10, moment@npm:^2.29.4":
  version: 2.29.4
  resolution: "moment@npm:2.29.4"
  checksum: 0ec3f9c2bcba38dc2451b1daed5daded747f17610b92427bebe1d08d48d8b7bdd8d9197500b072d14e326dd0ccf3e326b9e3d07c5895d3d49e39b6803b76e80e
  languageName: node
  linkType: hard

"moment@npm:^2.30.1":
  version: 2.30.1
  resolution: "moment@npm:2.30.1"
  checksum: 859236bab1e88c3e5802afcf797fc801acdbd0ee509d34ea3df6eea21eb6bcc2abd4ae4e4e64aa7c986aa6cba563c6e62806218e6412a765010712e5fa121ba6
  languageName: node
  linkType: hard

"slick-carousel@npm:^1.8.1":
  version: 1.8.1
  resolution: "slick-carousel@npm:1.8.1"
  peerDependencies:
    jquery: ">=1.8.0"
  checksum: acaad391e4d8bc1c7fdb8d361faa1f1d60829b31d618b54bc38c0550a59b26de36537e0ab4bc0364176ec11d1a61d0cf11e99d8d5b1285d656673c9a1a719257
  languageName: node
  linkType: hard
